
Microsoft Visual Studio Solution File, Format Version 12.00
# Visual Studio Version 17
VisualStudioVersion = 17.8.34330.188
MinimumVisualStudioVersion = 10.0.40219.1
Project("{9A19103F-16F7-4668-BE54-9A1E7A4F7556}") = "DataMover", "DataMover.csproj", "{ADF47E2E-A417-498B-9091-5A384FA55857}"
EndProject
Global
	GlobalSection(SolutionConfigurationPlatforms) = preSolution
		Debug|Any CPU = Debug|Any CPU
		Release|Any CPU = Release|Any CPU
	EndGlobalSection
	GlobalSection(ProjectConfigurationPlatforms) = postSolution
		{ADF47E2E-A417-498B-9091-5A384FA55857}.Debug|Any CPU.ActiveCfg = Debug|Any CPU
		{ADF47E2E-A417-498B-9091-5A384FA55857}.Debug|Any CPU.Build.0 = Debug|Any CPU
		{ADF47E2E-A417-498B-9091-5A384FA55857}.Release|Any CPU.ActiveCfg = Release|Any CPU
		{ADF47E2E-A417-498B-9091-5A384FA55857}.Release|Any CPU.Build.0 = Release|Any CPU
	EndGlobalSection
	GlobalSection(SolutionProperties) = preSolution
		HideSolutionNode = FALSE
	EndGlobalSection
	GlobalSection(ExtensibilityGlobals) = postSolution
		SolutionGuid = {89D4A086-1937-4781-A135-7920937CDF43}
	EndGlobalSection
EndGlobal
